
Microsoft Visual Studio Solution File, Format Version 12.00
# Visual Studio Version 16
VisualStudioVersion = 16.0.31005.135
MinimumVisualStudioVersion = 10.0.40219.1
Project("{FAE04EC0-301F-11D3-BF4B-00C04F79EFBC}") = "Graphene.Crawler", "Graphene.Crawler\Graphene.Crawler.csproj", "{8E277370-4116-435A-B898-6D73FFA290F7}"
EndProject
Project("{FAE04EC0-301F-11D3-BF4B-00C04F79EFBC}") = "Graphene.Crawler.TestConsole", "Graphene.Crawler.TestConsole\Graphene.Crawler.TestConsole.csproj", "{2599517C-533D-4041-ACEA-2881AC27FF97}"
EndProject
Project("{FAE04EC0-301F-11D3-BF4B-00C04F79EFBC}") = "Graphene.Crawler.Contracts", "Graphene.Crawler.Contracts\Graphene.Crawler.Contracts.csproj", "{CEE05274-535C-45C2-A4DB-FC6D2859952D}"
EndProject
Project("{FAE04EC0-301F-11D3-BF4B-00C04F79EFBC}") = "Graphene.Crawler.Repositories", "Graphene.Crawler.Repositories\Graphene.Crawler.Repositories.csproj", "{9D935212-EFC6-4ECA-A3AC-E9F30512BE8D}"
EndProject
Project("{FAE04EC0-301F-11D3-BF4B-00C04F79EFBC}") = "Graphene.Crawler.Models", "Graphene.Crawler.Models\Graphene.Crawler.Models.csproj", "{0EBB95E7-FC86-48E9-AA17-C2526D700A71}"
EndProject
Global
	GlobalSection(SolutionConfigurationPlatforms) = preSolution
		Debug|Any CPU = Debug|Any CPU
		Release|Any CPU = Release|Any CPU
	EndGlobalSection
	GlobalSection(ProjectConfigurationPlatforms) = postSolution
		{8E277370-4116-435A-B898-6D73FFA290F7}.Debug|Any CPU.ActiveCfg = Debug|Any CPU
		{8E277370-4116-435A-B898-6D73FFA290F7}.Debug|Any CPU.Build.0 = Debug|Any CPU
		{8E277370-4116-435A-B898-6D73FFA290F7}.Release|Any CPU.ActiveCfg = Release|Any CPU
		{8E277370-4116-435A-B898-6D73FFA290F7}.Release|Any CPU.Build.0 = Release|Any CPU
		{2599517C-533D-4041-ACEA-2881AC27FF97}.Debug|Any CPU.ActiveCfg = Debug|Any CPU
		{2599517C-533D-4041-ACEA-2881AC27FF97}.Debug|Any CPU.Build.0 = Debug|Any CPU
		{2599517C-533D-4041-ACEA-2881AC27FF97}.Release|Any CPU.ActiveCfg = Release|Any CPU
		{2599517C-533D-4041-ACEA-2881AC27FF97}.Release|Any CPU.Build.0 = Release|Any CPU
		{CEE05274-535C-45C2-A4DB-FC6D2859952D}.Debug|Any CPU.ActiveCfg = Debug|Any CPU
		{CEE05274-535C-45C2-A4DB-FC6D2859952D}.Debug|Any CPU.Build.0 = Debug|Any CPU
		{CEE05274-535C-45C2-A4DB-FC6D2859952D}.Release|Any CPU.ActiveCfg = Release|Any CPU
		{CEE05274-535C-45C2-A4DB-FC6D2859952D}.Release|Any CPU.Build.0 = Release|Any CPU
		{9D935212-EFC6-4ECA-A3AC-E9F30512BE8D}.Debug|Any CPU.ActiveCfg = Debug|Any CPU
		{9D935212-EFC6-4ECA-A3AC-E9F30512BE8D}.Debug|Any CPU.Build.0 = Debug|Any CPU
		{9D935212-EFC6-4ECA-A3AC-E9F30512BE8D}.Release|Any CPU.ActiveCfg = Release|Any CPU
		{9D935212-EFC6-4ECA-A3AC-E9F30512BE8D}.Release|Any CPU.Build.0 = Release|Any CPU
		{0EBB95E7-FC86-48E9-AA17-C2526D700A71}.Debug|Any CPU.ActiveCfg = Debug|Any CPU
		{0EBB95E7-FC86-48E9-AA17-C2526D700A71}.Debug|Any CPU.Build.0 = Debug|Any CPU
		{0EBB95E7-FC86-48E9-AA17-C2526D700A71}.Release|Any CPU.ActiveCfg = Release|Any CPU
		{0EBB95E7-FC86-48E9-AA17-C2526D700A71}.Release|Any CPU.Build.0 = Release|Any CPU
	EndGlobalSection
	GlobalSection(SolutionProperties) = preSolution
		HideSolutionNode = FALSE
	EndGlobalSection
	GlobalSection(ExtensibilityGlobals) = postSolution
		SolutionGuid = {372CB306-6C6E-4075-A0AC-B9D41649EA1E}
	EndGlobalSection
EndGlobal
